
Microsoft Visual Studio Solution File, Format Version 12.00
# Visual Studio Version 17
VisualStudioVersion = 17.11.35111.106
MinimumVisualStudioVersion = 10.0.40219.1
Project("{FAE04EC0-301F-11D3-BF4B-00C04F79EFBC}") = "Stock_Tracking_App", "Stock_Tracking_App.csproj", "{52E8C7A3-B96C-4EDC-A05B-27FB15B00481}"
EndProject
Global
	GlobalSection(SolutionConfigurationPlatforms) = preSolution
		Debug|Any CPU = Debug|Any CPU
		Release|Any CPU = Release|Any CPU
	EndGlobalSection
	GlobalSection(ProjectConfigurationPlatforms) = postSolution
		{52E8C7A3-B96C-4EDC-A05B-27FB15B00481}.Debug|Any CPU.ActiveCfg = Debug|Any CPU
		{52E8C7A3-B96C-4EDC-A05B-27FB15B00481}.Debug|Any CPU.Build.0 = Debug|Any CPU
		{52E8C7A3-B96C-4EDC-A05B-27FB15B00481}.Release|Any CPU.ActiveCfg = Release|Any CPU
		{52E8C7A3-B96C-4EDC-A05B-27FB15B00481}.Release|Any CPU.Build.0 = Release|Any CPU
	EndGlobalSection
	GlobalSection(SolutionProperties) = preSolution
		HideSolutionNode = FALSE
	EndGlobalSection
	GlobalSection(ExtensibilityGlobals) = postSolution
		SolutionGuid = {67F0923C-4754-4993-B116-2F1AACEBDA62}
	EndGlobalSection
EndGlobal
